{
  "version": "1",
  "sources": {
    "nixpkgs": {
      "type": "GitHub",
      "fetchType": "tarball",
      "owner": "NixOS",
      "repo": "nixpkgs",
      "branch": "nixpkgs-unstable",
      "revision": "a672be65651c80d3f592a89b3945466584a22069",
      "url": "https://github.com/NixOS/nixpkgs/archive/a672be65651c80d3f592a89b3945466584a22069.tar.gz",
      "hash": "sha256-EYHSjVM4Ox4lvCXUMiKKs2vETUSL5mx+J2FfutM7T9w="
    }
  }
}
