{
  "version": "1",
  "sources": {
    "nixpkgs": {
      "type": "GitHub",
      "fetchType": "tarball",
      "owner": "NixOS",
      "repo": "nixpkgs",
      "branch": "nixpkgs-unstable",
      "revision": "74435dcdae840e9770652a7bf7754c2ef7b257e1",
      "url": "https://github.com/NixOS/nixpkgs/archive/74435dcdae840e9770652a7bf7754c2ef7b257e1.tar.gz",
      "hash": "sha256-ITW3wS8C/f8Ex97WWHfykDC2Zc1DlgChlCKKogMpRa0="
    }
  }
}
